
Microsoft Visual Studio Solution File, Format Version 12.00
# Visual Studio Version 17
VisualStudioVersion = 17.2.32526.322
MinimumVisualStudioVersion = 10.0.40219.1
Project("{FAE04EC0-301F-11D3-BF4B-00C04F79EFBC}") = "ClozePassageGenApp", "ClozePassageGenApp\ClozePassageGenApp.csproj", "{2295932F-7E58-4F7E-A135-CCB25A031FE2}"
EndProject
Global
	GlobalSection(SolutionConfigurationPlatforms) = preSolution
		Debug|Any CPU = Debug|Any CPU
		Release|Any CPU = Release|Any CPU
	EndGlobalSection
	GlobalSection(ProjectConfigurationPlatforms) = postSolution
		{2295932F-7E58-4F7E-A135-CCB25A031FE2}.Debug|Any CPU.ActiveCfg = Debug|Any CPU
		{2295932F-7E58-4F7E-A135-CCB25A031FE2}.Debug|Any CPU.Build.0 = Debug|Any CPU
		{2295932F-7E58-4F7E-A135-CCB25A031FE2}.Release|Any CPU.ActiveCfg = Release|Any CPU
		{2295932F-7E58-4F7E-A135-CCB25A031FE2}.Release|Any CPU.Build.0 = Release|Any CPU
	EndGlobalSection
	GlobalSection(SolutionProperties) = preSolution
		HideSolutionNode = FALSE
	EndGlobalSection
	GlobalSection(ExtensibilityGlobals) = postSolution
		SolutionGuid = {30BC7A2D-2CCC-4097-B90B-B890E4B5681B}
	EndGlobalSection
EndGlobal
